
Microsoft Visual Studio Solution File, Format Version 12.00
# Visual Studio Version 17
VisualStudioVersion = 17.2.32519.379
MinimumVisualStudioVersion = 10.0.40219.1
Project("{9A19103F-16F7-4668-BE54-9A1E7A4F7556}") = "Family.Db", "Family.Db\Family.Db.csproj", "{91E89825-779C-448C-A8D7-68FB1DCDFF2B}"
EndProject
Project("{9A19103F-16F7-4668-BE54-9A1E7A4F7556}") = "Family.Logic", "Family.Logic\Family.Logic.csproj", "{8F147888-1A22-4049-994A-64E5B9CB1BDB}"
EndProject
Project("{9A19103F-16F7-4668-BE54-9A1E7A4F7556}") = "Family.Web", "Family.Web\Family.Web.csproj", "{6C9CB8AA-B509-4F71-9B10-02C38F0F6D70}"
EndProject
Project("{9A19103F-16F7-4668-BE54-9A1E7A4F7556}") = "Family.WebDb", "Family.WebDb\Family.WebDb.csproj", "{14FE3050-84AE-4D91-9E6E-E610F932125E}"
EndProject
Project("{9A19103F-16F7-4668-BE54-9A1E7A4F7556}") = "Family.Http", "Family.Http\Family.Http.csproj", "{CC672E3B-ECCF-48D6-8CD4-6786D3ACD62C}"
EndProject
Project("{9A19103F-16F7-4668-BE54-9A1E7A4F7556}") = "Family.Client", "Family.Client\Family.Client.csproj", "{02C7BE74-239B-40AD-A251-EF8DFF86D0F3}"
EndProject
Project("{9A19103F-16F7-4668-BE54-9A1E7A4F7556}") = "Family.Core", "Family.Core\Family.Core.csproj", "{DF95D40B-FAFE-4BAD-9784-CE0F71B7C26A}"
EndProject
Project("{9A19103F-16F7-4668-BE54-9A1E7A4F7556}") = "Family.Auth", "Family.Auth\Family.Auth.csproj", "{9C977348-B1F2-4BC8-B353-D1144E196E08}"
EndProject
Project("{9A19103F-16F7-4668-BE54-9A1E7A4F7556}") = "Family.Tests", "Family.Tests\Family.Tests.csproj", "{F8111BE8-0119-4648-8441-ECB3E6967115}"
EndProject
Project("{9A19103F-16F7-4668-BE54-9A1E7A4F7556}") = "Family.Users", "BrainGame.Users\Family.Users.csproj", "{7FC094CD-2FEB-4A8C-B969-E992FD6AC187}"
EndProject
Global
	GlobalSection(SolutionConfigurationPlatforms) = preSolution
		Debug|Any CPU = Debug|Any CPU
		Release|Any CPU = Release|Any CPU
	EndGlobalSection
	GlobalSection(ProjectConfigurationPlatforms) = postSolution
		{91E89825-779C-448C-A8D7-68FB1DCDFF2B}.Debug|Any CPU.ActiveCfg = Debug|Any CPU
		{91E89825-779C-448C-A8D7-68FB1DCDFF2B}.Debug|Any CPU.Build.0 = Debug|Any CPU
		{91E89825-779C-448C-A8D7-68FB1DCDFF2B}.Release|Any CPU.ActiveCfg = Release|Any CPU
		{91E89825-779C-448C-A8D7-68FB1DCDFF2B}.Release|Any CPU.Build.0 = Release|Any CPU
		{8F147888-1A22-4049-994A-64E5B9CB1BDB}.Debug|Any CPU.ActiveCfg = Debug|Any CPU
		{8F147888-1A22-4049-994A-64E5B9CB1BDB}.Debug|Any CPU.Build.0 = Debug|Any CPU
		{8F147888-1A22-4049-994A-64E5B9CB1BDB}.Release|Any CPU.ActiveCfg = Release|Any CPU
		{8F147888-1A22-4049-994A-64E5B9CB1BDB}.Release|Any CPU.Build.0 = Release|Any CPU
		{6C9CB8AA-B509-4F71-9B10-02C38F0F6D70}.Debug|Any CPU.ActiveCfg = Debug|Any CPU
		{6C9CB8AA-B509-4F71-9B10-02C38F0F6D70}.Debug|Any CPU.Build.0 = Debug|Any CPU
		{6C9CB8AA-B509-4F71-9B10-02C38F0F6D70}.Release|Any CPU.ActiveCfg = Release|Any CPU
		{6C9CB8AA-B509-4F71-9B10-02C38F0F6D70}.Release|Any CPU.Build.0 = Release|Any CPU
		{14FE3050-84AE-4D91-9E6E-E610F932125E}.Debug|Any CPU.ActiveCfg = Debug|Any CPU
		{14FE3050-84AE-4D91-9E6E-E610F932125E}.Debug|Any CPU.Build.0 = Debug|Any CPU
		{14FE3050-84AE-4D91-9E6E-E610F932125E}.Release|Any CPU.ActiveCfg = Release|Any CPU
		{14FE3050-84AE-4D91-9E6E-E610F932125E}.Release|Any CPU.Build.0 = Release|Any CPU
		{CC672E3B-ECCF-48D6-8CD4-6786D3ACD62C}.Debug|Any CPU.ActiveCfg = Debug|Any CPU
		{CC672E3B-ECCF-48D6-8CD4-6786D3ACD62C}.Debug|Any CPU.Build.0 = Debug|Any CPU
		{CC672E3B-ECCF-48D6-8CD4-6786D3ACD62C}.Release|Any CPU.ActiveCfg = Release|Any CPU
		{CC672E3B-ECCF-48D6-8CD4-6786D3ACD62C}.Release|Any CPU.Build.0 = Release|Any CPU
		{02C7BE74-239B-40AD-A251-EF8DFF86D0F3}.Debug|Any CPU.ActiveCfg = Debug|Any CPU
		{02C7BE74-239B-40AD-A251-EF8DFF86D0F3}.Debug|Any CPU.Build.0 = Debug|Any CPU
		{02C7BE74-239B-40AD-A251-EF8DFF86D0F3}.Release|Any CPU.ActiveCfg = Release|Any CPU
		{02C7BE74-239B-40AD-A251-EF8DFF86D0F3}.Release|Any CPU.Build.0 = Release|Any CPU
		{DF95D40B-FAFE-4BAD-9784-CE0F71B7C26A}.Debug|Any CPU.ActiveCfg = Debug|Any CPU
		{DF95D40B-FAFE-4BAD-9784-CE0F71B7C26A}.Debug|Any CPU.Build.0 = Debug|Any CPU
		{DF95D40B-FAFE-4BAD-9784-CE0F71B7C26A}.Release|Any CPU.ActiveCfg = Release|Any CPU
		{DF95D40B-FAFE-4BAD-9784-CE0F71B7C26A}.Release|Any CPU.Build.0 = Release|Any CPU
		{9C977348-B1F2-4BC8-B353-D1144E196E08}.Debug|Any CPU.ActiveCfg = Debug|Any CPU
		{9C977348-B1F2-4BC8-B353-D1144E196E08}.Debug|Any CPU.Build.0 = Debug|Any CPU
		{9C977348-B1F2-4BC8-B353-D1144E196E08}.Release|Any CPU.ActiveCfg = Release|Any CPU
		{9C977348-B1F2-4BC8-B353-D1144E196E08}.Release|Any CPU.Build.0 = Release|Any CPU
		{F8111BE8-0119-4648-8441-ECB3E6967115}.Debug|Any CPU.ActiveCfg = Debug|Any CPU
		{F8111BE8-0119-4648-8441-ECB3E6967115}.Debug|Any CPU.Build.0 = Debug|Any CPU
		{F8111BE8-0119-4648-8441-ECB3E6967115}.Release|Any CPU.ActiveCfg = Release|Any CPU
		{F8111BE8-0119-4648-8441-ECB3E6967115}.Release|Any CPU.Build.0 = Release|Any CPU
		{7FC094CD-2FEB-4A8C-B969-E992FD6AC187}.Debug|Any CPU.ActiveCfg = Debug|Any CPU
		{7FC094CD-2FEB-4A8C-B969-E992FD6AC187}.Debug|Any CPU.Build.0 = Debug|Any CPU
		{7FC094CD-2FEB-4A8C-B969-E992FD6AC187}.Release|Any CPU.ActiveCfg = Release|Any CPU
		{7FC094CD-2FEB-4A8C-B969-E992FD6AC187}.Release|Any CPU.Build.0 = Release|Any CPU
	EndGlobalSection
	GlobalSection(SolutionProperties) = preSolution
		HideSolutionNode = FALSE
	EndGlobalSection
	GlobalSection(ExtensibilityGlobals) = postSolution
		SolutionGuid = {85E2D383-BD08-4A04-883C-EE89BE63D33C}
	EndGlobalSection
EndGlobal
